// !$*UTF8*$!
{
	archiveVersion = 1;
	classes = {
	};
	objectVersion = 46;
	objects = {

/* Begin PBXBuildFile section */
		8541F3491BC61FED001E553F /* main.m in Sources */ = {isa = PBXBuildFile; fileRef = 8541F3481BC61FED001E553F /* main.m */; };
		8541F34C1BC61FED001E553F /* AppDelegate.m in Sources */ = {isa = PBXBuildFile; fileRef = 8541F34B1BC61FED001E553F /* AppDelegate.m */; };
		8541F34F1BC61FED001E553F /* ViewController.m in Sources */ = {isa = PBXBuildFile; fileRef = 8541F34E1BC61FED001E553F /* ViewController.m */; };
		8541F3521BC61FED001E553F /* Main.storyboard in Resources */ = {isa = PBXBuildFile; fileRef = 8541F3501BC61FED001E553F /* Main.storyboard */; };
		8541F3541BC61FED001E553F /* Images.xcassets in Resources */ = {isa = PBXBuildFile; fileRef = 8541F3531BC61FED001E553F /* Images.xcassets */; };
		8541F3571BC61FED001E553F /* LaunchScreen.xib in Resources */ = {isa = PBXBuildFile; fileRef = 8541F3551BC61FED001E553F /* LaunchScreen.xib */; };
		8541F3631BC61FED001E553F /* Demo02_GitServerTests.m in Sources */ = {isa = PBXBuildFile; fileRef = 8541F3621BC61FED001E553F /* Demo02_GitServerTests.m */; };
/* End PBXBuildFile section */

/* Begin PBXContainerItemProxy section */
		8541F35D1BC61FED001E553F /* PBXContainerItemProxy */ = {
			isa = PBXContainerItemProxy;
			containerPortal = 8541F33B1BC61FED001E553F /* Project object */;
			proxyType = 1;
			remoteGlobalIDString = 8541F3421BC61FED001E553F;
			remoteInfo = "Demo02-GitServer";
		};
/* End PBXContainerItemProxy section */

/* Begin PBXFileReference section */
		8541F3431BC61FED001E553F /* Demo02-GitServer.app */ = {isa = PBXFileReference; explicitFileType = wrapper.application; includeInIndex = 0; path = "Demo02-GitServer.app"; sourceTree = BUILT_PRODUCTS_DIR; };
		8541F3471BC61FED001E553F /* Info.plist */ = {isa = PBXFileReference; lastKnownFileType = text.plist.xml; path = Info.plist; sourceTree = "<group>"; };
		8541F3481BC61FED001E553F /* main.m */ = {isa = PBXFileReference; lastKnownFileType = sourcecode.c.objc; path = main.m; sourceTree = "<group>"; };
		8541F34A1BC61FED001E553F /* AppDelegate.h */ = {isa = PBXFileReference; lastKnownFileType = sourcecode.c.h; path = AppDelegate.h; sourceTree = "<group>"; };
		8541F34B1BC61FED001E553F /* AppDelegate.m */ = {isa = PBXFileReference; lastKnownFileType = sourcecode.c.objc; path = AppDelegate.m; sourceTree = "<group>"; };
		8541F34D1BC61FED001E553F /* ViewController.h */ = {isa = PBXFileReference; lastKnownFileType = sourcecode.c.h; path = ViewController.h; sourceTree = "<group>"; };
		8541F34E1BC61FED001E553F /* ViewController.m */ = {isa = PBXFileReference; lastKnownFileType = sourcecode.c.objc; path = ViewController.m; sourceTree = "<group>"; };
		8541F3511BC61FED001E553F /* Base */ = {isa = PBXFileReference; lastKnownFileType = file.storyboard; name = Base; path = Base.lproj/Main.storyboard; sourceTree = "<group>"; };
		8541F3531BC61FED001E553F /* Images.xcassets */ = {isa = PBXFileReference; lastKnownFileType = folder.assetcatalog; path = Images.xcassets; sourceTree = "<group>"; };
		8541F3561BC61FED001E553F /* Base */ = {isa = PBXFileReference; lastKnownFileType = file.xib; name = Base; path = Base.lproj/LaunchScreen.xib; sourceTree = "<group>"; };
		8541F35C1BC61FED001E553F /* Demo02-GitServerTests.xctest */ = {isa = PBXFileReference; explicitFileType = wrapper.cfbundle; includeInIndex = 0; path = "Demo02-GitServerTests.xctest"; sourceTree = BUILT_PRODUCTS_DIR; };
		8541F3611BC61FED001E553F /* Info.plist */ = {isa = PBXFileReference; lastKnownFileType = text.plist.xml; path = Info.plist; sourceTree = "<group>"; };
		8541F3621BC61FED001E553F /* Demo02_GitServerTests.m */ = {isa = PBXFileReference; lastKnownFileType = sourcecode.c.objc; path = Demo02_GitServerTests.m; sourceTree = "<group>"; };
/* End PBXFileReference section */

/* Begin PBXFrameworksBuildPhase section */
		8541F3401BC61FED001E553F /* Frameworks */ = {
			isa = PBXFrameworksBuildPhase;
			buildActionMask = 2147483647;
			files = (
			);
			runOnlyForDeploymentPostprocessing = 0;
		};
		8541F3591BC61FED001E553F /* Frameworks */ = {
			isa = PBXFrameworksBuildPhase;
			buildActionMask = 2147483647;
			files = (
			);
			runOnlyForDeploymentPostprocessing = 0;
		};
/* End PBXFrameworksBuildPhase section */

/* Begin PBXGroup section */
		8541F33A1BC61FED001E553F = {
			isa = PBXGroup;
			children = (
				8541F3451BC61FED001E553F /* Demo02-GitServer */,
				8541F35F1BC61FED001E553F /* Demo02-GitServerTests */,
				8541F3441BC61FED001E553F /* Products */,
			);
			sourceTree = "<group>";
		};
		8541F3441BC61FED001E553F /* Products */ = {
			isa = PBXGroup;
			children = (
				8541F3431BC61FED001E553F /* Demo02-GitServer.app */,
				8541F35C1BC61FED001E553F /* Demo02-GitServerTests.xctest */,
			);
			name = Products;
			sourceTree = "<group>";
		};
		8541F3451BC61FED001E553F /* Demo02-GitServer */ = {
			isa = PBXGroup;
			children = (
				8541F34A1BC61FED001E553F /* AppDelegate.h */,
				8541F34B1BC61FED001E553F /* AppDelegate.m */,
				8541F34D1BC61FED001E553F /* ViewController.h */,
				8541F34E1BC61FED001E553F /* ViewController.m */,
				8541F3501BC61FED001E553F /* Main.storyboard */,
				8541F3531BC61FED001E553F /* Images.xcassets */,
				8541F3551BC61FED001E553F /* LaunchScreen.xib */,
				8541F3461BC61FED001E553F /* Supporting Files */,
			);
			path = "Demo02-GitServer";
			sourceTree = "<group>";
		};
		8541F3461BC61FED001E553F /* Supporting Files */ = {
			isa = PBXGroup;
			children = (
				8541F3471BC61FED001E553F /* Info.plist */,
				8541F3481BC61FED001E553F /* main.m */,
			);
			name = "Supporting Files";
			sourceTree = "<group>";
		};
		8541F35F1BC61FED001E553F /* Demo02-GitServerTests */ = {
			isa = PBXGroup;
			children = (
				8541F3621BC61FED001E553F /* Demo02_GitServerTests.m */,
				8541F3601BC61FED001E553F /* Supporting Files */,
			);
			path = "Demo02-GitServerTests";
			sourceTree = "<group>";
		};
		8541F3601BC61FED001E553F /* Supporting Files */ = {
			isa = PBXGroup;
			children = (
				8541F3611BC61FED001E553F /* Info.plist */,
			);
			name = "Supporting Files";
			sourceTree = "<group>";
		};
/* End PBXGroup section */

/* Begin PBXNativeTarget section */
		8541F3421BC61FED001E553F /* Demo02-GitServer */ = {
			isa = PBXNativeTarget;
			buildConfigurationList = 8541F3661BC61FED001E553F /* Build configuration list for PBXNativeTarget "Demo02-GitServer" */;
			buildPhases = (
				8541F33F1BC61FED001E553F /* Sources */,
				8541F3401BC61FED001E553F /* Frameworks */,
				8541F3411BC61FED001E553F /* Resources */,
			);
			buildRules = (
			);
			dependencies = (
			);
			name = "Demo02-GitServer";
			productName = "Demo02-GitServer";
			productReference = 8541F3431BC61FED001E553F /* Demo02-GitServer.app */;
			productType = "com.apple.product-type.application";
		};
		8541F35B1BC61FED001E553F /* Demo02-GitServerTests */ = {
			isa = PBXNativeTarget;
			buildConfigurationList = 8541F3691BC61FED001E553F /* Build configuration list for PBXNativeTarget "Demo02-GitServerTests" */;
			buildPhases = (
				8541F3581BC61FED001E553F /* Sources */,
				8541F3591BC61FED001E553F /* Frameworks */,
				8541F35A1BC61FED001E553F /* Resources */,
			);
			buildRules = (
			);
			dependencies = (
				8541F35E1BC61FED001E553F /* PBXTargetDependency */,
			);
			name = "Demo02-GitServerTests";
			productName = "Demo02-GitServerTests";
			productReference = 8541F35C1BC61FED001E553F /* Demo02-GitServerTests.xctest */;
			productType = "com.apple.product-type.bundle.unit-test";
		};
/* End PBXNativeTarget section */

/* Begin PBXProject section */
		8541F33B1BC61FED001E553F /* Project object */ = {
			isa = PBXProject;
			attributes = {
				LastUpgradeCheck = 0630;
				ORGANIZATIONNAME = tarena;
				TargetAttributes = {
					8541F3421BC61FED001E553F = {
						CreatedOnToolsVersion = 6.3;
					};
					8541F35B1BC61FED001E553F = {
						CreatedOnToolsVersion = 6.3;
						TestTargetID = 8541F3421BC61FED001E553F;
					};
				};
			};
			buildConfigurationList = 8541F33E1BC61FED001E553F /* Build configuration list for PBXProject "Demo02-GitServer" */;
			compatibilityVersion = "Xcode 3.2";
			developmentRegion = English;
			hasScannedForEncodings = 0;
			knownRegions = (
				en,
				Base,
			);
			mainGroup = 8541F33A1BC61FED001E553F;
			productRefGroup = 8541F3441BC61FED001E553F /* Products */;
			projectDirPath = "";
			projectRoot = "";
			targets = (
				8541F3421BC61FED001E553F /* Demo02-GitServer */,
				8541F35B1BC61FED001E553F /* Demo02-GitServerTests */,
			);
		};
/* End PBXProject section */

/* Begin PBXResourcesBuildPhase section */
		8541F3411BC61FED001E553F /* Resources */ = {
			isa = PBXResourcesBuildPhase;
			buildActionMask = 2147483647;
			files = (
				8541F3521BC61FED001E553F /* Main.storyboard in Resources */,
				8541F3571BC61FED001E553F /* LaunchScreen.xib in Resources */,
				8541F3541BC61FED001E553F /* Images.xcassets in Resources */,
			);
			runOnlyForDeploymentPostprocessing = 0;
		};
		8541F35A1BC61FED001E553F /* Resources */ = {
			isa = PBXResourcesBuildPhase;
			buildActionMask = 2147483647;
			files = (
			);
			runOnlyForDeploymentPostprocessing = 0;
		};
/* End PBXResourcesBuildPhase section */

/* Begin PBXSourcesBuildPhase section */
		8541F33F1BC61FED001E553F /* Sources */ = {
			isa = PBXSourcesBuildPhase;
			buildActionMask = 2147483647;
			files = (
				8541F34F1BC61FED001E553F /* ViewController.m in Sources */,
				8541F34C1BC61FED001E553F /* AppDelegate.m in Sources */,
				8541F3491BC61FED001E553F /* main.m in Sources */,
			);
			runOnlyForDeploymentPostprocessing = 0;
		};
		8541F3581BC61FED001E553F /* Sources */ = {
			isa = PBXSourcesBuildPhase;
			buildActionMask = 2147483647;
			files = (
				8541F3631BC61FED001E553F /* Demo02_GitServerTests.m in Sources */,
			);
			runOnlyForDeploymentPostprocessing = 0;
		};
/* End PBXSourcesBuildPhase section */

/* Begin PBXTargetDependency section */
		8541F35E1BC61FED001E553F /* PBXTargetDependency */ = {
			isa = PBXTargetDependency;
			target = 8541F3421BC61FED001E553F /* Demo02-GitServer */;
			targetProxy = 8541F35D1BC61FED001E553F /* PBXContainerItemProxy */;
		};
/* End PBXTargetDependency section */

/* Begin PBXVariantGroup section */
		8541F3501BC61FED001E553F /* Main.storyboard */ = {
			isa = PBXVariantGroup;
			children = (
				8541F3511BC61FED001E553F /* Base */,
			);
			name = Main.storyboard;
			sourceTree = "<group>";
		};
		8541F3551BC61FED001E553F /* LaunchScreen.xib */ = {
			isa = PBXVariantGroup;
			children = (
				8541F3561BC61FED001E553F /* Base */,
			);
			name = LaunchScreen.xib;
			sourceTree = "<group>";
		};
/* End PBXVariantGroup section */

/* Begin XCBuildConfiguration section */
		8541F3641BC61FED001E553F /* Debug */ = {
			isa = XCBuildConfiguration;
			buildSettings = {
				ALWAYS_SEARCH_USER_PATHS = NO;
				CLANG_CXX_LANGUAGE_STANDARD = "gnu++0x";
				CLANG_CXX_LIBRARY = "libc++";
				CLANG_ENABLE_MODULES = YES;
				CLANG_ENABLE_OBJC_ARC = YES;
				CLANG_WARN_BOOL_CONVERSION = YES;
				CLANG_WARN_CONSTANT_CONVERSION = YES;
				CLANG_WARN_DIRECT_OBJC_ISA_USAGE = YES_ERROR;
				CLANG_WARN_EMPTY_BODY = YES;
				CLANG_WARN_ENUM_CONVERSION = YES;
				CLANG_WARN_INT_CONVERSION = YES;
				CLANG_WARN_OBJC_ROOT_CLASS = YES_ERROR;
				CLANG_WARN_UNREACHABLE_CODE = YES;
				CLANG_WARN__DUPLICATE_METHOD_MATCH = YES;
				"CODE_SIGN_IDENTITY[sdk=iphoneos*]" = "iPhone Developer";
				COPY_PHASE_STRIP = NO;
				DEBUG_INFORMATION_FORMAT = "dwarf-with-dsym";
				ENABLE_STRICT_OBJC_MSGSEND = YES;
				GCC_C_LANGUAGE_STANDARD = gnu99;
				GCC_DYNAMIC_NO_PIC = NO;
				GCC_NO_COMMON_BLOCKS = YES;
				GCC_OPTIMIZATION_LEVEL = 0;
				GCC_PREPROCESSOR_DEFINITIONS = (
					"DEBUG=1",
					"$(inherited)",
				);
				GCC_SYMBOLS_PRIVATE_EXTERN = NO;
				GCC_WARN_64_TO_32_BIT_CONVERSION = YES;
				GCC_WARN_ABOUT_RETURN_TYPE = YES_ERROR;
				GCC_WARN_UNDECLARED_SELECTOR = YES;
				GCC_WARN_UNINITIALIZED_AUTOS = YES_AGGRESSIVE;
				GCC_WARN_UNUSED_FUNCTION = YES;
				GCC_WARN_UNUSED_VARIABLE = YES;
				IPHONEOS_DEPLOYMENT_TARGET = 8.3;
				MTL_ENABLE_DEBUG_INFO = YES;
				ONLY_ACTIVE_ARCH = YES;
				SDKROOT = iphoneos;
			};
			name = Debug;
		};
		8541F3651BC61FED001E553F /* Release */ = {
			isa = XCBuildConfiguration;
			buildSettings = {
				ALWAYS_SEARCH_USER_PATHS = NO;
				CLANG_CXX_LANGUAGE_STANDARD = "gnu++0x";
				CLANG_CXX_LIBRARY = "libc++";
				CLANG_ENABLE_MODULES = YES;
				CLANG_ENABLE_OBJC_ARC = YES;
				CLANG_WARN_BOOL_CONVERSION = YES;
				CLANG_WARN_CONSTANT_CONVERSION = YES;
				CLANG_WARN_DIRECT_OBJC_ISA_USAGE = YES_ERROR;
				CLANG_WARN_EMPTY_BODY = YES;
				CLANG_WARN_ENUM_CONVERSION = YES;
				CLANG_WARN_INT_CONVERSION = YES;
				CLANG_WARN_OBJC_ROOT_CLASS = YES_ERROR;
				CLANG_WARN_UNREACHABLE_CODE = YES;
				CLANG_WARN__DUPLICATE_METHOD_MATCH = YES;
				"CODE_SIGN_IDENTITY[sdk=iphoneos*]" = "iPhone Developer";
				COPY_PHASE_STRIP = NO;
				DEBUG_INFORMATION_FORMAT = "dwarf-with-dsym";
				ENABLE_NS_ASSERTIONS = NO;
				ENABLE_STRICT_OBJC_MSGSEND = YES;
				GCC_C_LANGUAGE_STANDARD = gnu99;
				GCC_NO_COMMON_BLOCKS = YES;
				GCC_WARN_64_TO_32_BIT_CONVERSION = YES;
				GCC_WARN_ABOUT_RETURN_TYPE = YES_ERROR;
				GCC_WARN_UNDECLARED_SELECTOR = YES;
				GCC_WARN_UNINITIALIZED_AUTOS = YES_AGGRESSIVE;
				GCC_WARN_UNUSED_FUNCTION = YES;
				GCC_WARN_UNUSED_VARIABLE = YES;
				IPHONEOS_DEPLOYMENT_TARGET = 8.3;
				MTL_ENABLE_DEBUG_INFO = NO;
				SDKROOT = iphoneos;
				VALIDATE_PRODUCT = YES;
			};
			name = Release;
		};
		8541F3671BC61FED001E553F /* Debug */ = {
			isa = XCBuildConfiguration;
			buildSettings = {
				ASSETCATALOG_COMPILER_APPICON_NAME = AppIcon;
				INFOPLIST_FILE = "Demo02-GitServer/Info.plist";
				LD_RUNPATH_SEARCH_PATHS = "$(inherited) @executable_path/Frameworks";
				PRODUCT_NAME = "$(TARGET_NAME)";
			};
			name = Debug;
		};
		8541F3681BC61FED001E553F /* Release */ = {
			isa = XCBuildConfiguration;
			buildSettings = {
				ASSETCATALOG_COMPILER_APPICON_NAME = AppIcon;
				INFOPLIST_FILE = "Demo02-GitServer/Info.plist";
				LD_RUNPATH_SEARCH_PATHS = "$(inherited) @executable_path/Frameworks";
				PRODUCT_NAME = "$(TARGET_NAME)";
			};
			name = Release;
		};
		8541F36A1BC61FED001E553F /* Debug */ = {
			isa = XCBuildConfiguration;
			buildSettings = {
				BUNDLE_LOADER = "$(TEST_HOST)";
				FRAMEWORK_SEARCH_PATHS = (
					"$(SDKROOT)/Developer/Library/Frameworks",
					"$(inherited)",
				);
				GCC_PREPROCESSOR_DEFINITIONS = (
					"DEBUG=1",
					"$(inherited)",
				);
				INFOPLIST_FILE = "Demo02-GitServerTests/Info.plist";
				LD_RUNPATH_SEARCH_PATHS = "$(inherited) @executable_path/Frameworks @loader_path/Frameworks";
				PRODUCT_NAME = "$(TARGET_NAME)";
				TEST_HOST = "$(BUILT_PRODUCTS_DIR)/Demo02-GitServer.app/Demo02-GitServer";
			};
			name = Debug;
		};
		8541F36B1BC61FED001E553F /* Release */ = {
			isa = XCBuildConfiguration;
			buildSettings = {
				BUNDLE_LOADER = "$(TEST_HOST)";
				FRAMEWORK_SEARCH_PATHS = (
					"$(SDKROOT)/Developer/Library/Frameworks",
					"$(inherited)",
				);
				INFOPLIST_FILE = "Demo02-GitServerTests/Info.plist";
				LD_RUNPATH_SEARCH_PATHS = "$(inherited) @executable_path/Frameworks @loader_path/Frameworks";
				PRODUCT_NAME = "$(TARGET_NAME)";
				TEST_HOST = "$(BUILT_PRODUCTS_DIR)/Demo02-GitServer.app/Demo02-GitServer";
			};
			name = Release;
		};
/* End XCBuildConfiguration section */

/* Begin XCConfigurationList section */
		8541F33E1BC61FED001E553F /* Build configuration list for PBXProject "Demo02-GitServer" */ = {
			isa = XCConfigurationList;
			buildConfigurations = (
				8541F3641BC61FED001E553F /* Debug */,
				8541F3651BC61FED001E553F /* Release */,
			);
			defaultConfigurationIsVisible = 0;
			defaultConfigurationName = Release;
		};
		8541F3661BC61FED001E553F /* Build configuration list for PBXNativeTarget "Demo02-GitServer" */ = {
			isa = XCConfigurationList;
			buildConfigurations = (
				8541F3671BC61FED001E553F /* Debug */,
				8541F3681BC61FED001E553F /* Release */,
			);
			defaultConfigurationIsVisible = 0;
		};
		8541F3691BC61FED001E553F /* Build configuration list for PBXNativeTarget "Demo02-GitServerTests" */ = {
			isa = XCConfigurationList;
			buildConfigurations = (
				8541F36A1BC61FED001E553F /* Debug */,
				8541F36B1BC61FED001E553F /* Release */,
			);
			defaultConfigurationIsVisible = 0;
		};
/* End XCConfigurationList section */
	};
	rootObject = 8541F33B1BC61FED001E553F /* Project object */;
}
